{
    "_readme": [
        "This file locks the dependencies of your project to a known state",
        "Read more about it at https://getcomposer.org/doc/01-basic-usage.md#composer-lock-the-lock-file",
        "This file is @generated automatically"
    ],
    "hash": "a5c2ba2f6d82fd5b7676e8fc3ac5a729",
    "content-hash": "c08c5914ae35b17b41c4b5bbae07505d",
    "packages": [
        {
            "name": "erusev/parsedown",
            "version": "1.6.2",
            "source": {
                "type": "git",
                "url": "https://github.com/erusev/parsedown.git",
                "reference": "1bf24f7334fe16c88bf9d467863309ceaf285b01"
            },
            "dist": {
                "type": "zip",
                "url": "https://api.github.com/repos/erusev/parsedown/zipball/1bf24f7334fe16c88bf9d467863309ceaf285b01",
                "reference": "1bf24f7334fe16c88bf9d467863309ceaf285b01",
                "shasum": ""
            },
            "require": {
                "php": ">=5.3.0"
            },
            "type": "library",
            "autoload": {
                "psr-0": {
                    "Parsedown": ""
                }
            },
            "notification-url": "https://packagist.org/downloads/",
            "license": [
                "MIT"
            ],
            "authors": [
                {
                    "name": "Emanuil Rusev",
                    "email": "hello@erusev.com",
                    "homepage": "http://erusev.com"
                }
            ],
            "description": "Parser for Markdown.",
            "homepage": "http://parsedown.org",
            "keywords": [
                "markdown",
                "parser"
            ],
            "time": "2017-03-29 16:04:15"
        },
        {
            "name": "erusev/parsedown-extra",
            "version": "0.7.1",
            "source": {
                "type": "git",
                "url": "https://github.com/erusev/parsedown-extra.git",
                "reference": "0db5cce7354e4b76f155d092ab5eb3981c21258c"
            },
            "dist": {
                "type": "zip",
                "url": "https://api.github.com/repos/erusev/parsedown-extra/zipball/0db5cce7354e4b76f155d092ab5eb3981c21258c",
                "reference": "0db5cce7354e4b76f155d092ab5eb3981c21258c",
                "shasum": ""
            },
            "require": {
                "erusev/parsedown": "~1.4"
            },
            "type": "library",
            "autoload": {
                "psr-0": {
                    "ParsedownExtra": ""
                }
            },
            "notification-url": "https://packagist.org/downloads/",
            "license": [
                "MIT"
            ],
            "authors": [
                {
                    "name": "Emanuil Rusev",
                    "email": "hello@erusev.com",
                    "homepage": "http://erusev.com"
                }
            ],
            "description": "An extension of Parsedown that adds support for Markdown Extra.",
            "homepage": "https://github.com/erusev/parsedown-extra",
            "keywords": [
                "markdown",
                "markdown extra",
                "parsedown",
                "parser"
            ],
            "time": "2015-11-01 10:19:22"
        },
        {
            "name": "leblanc-simon/parsedown-checkbox",
            "version": "0.0.1",
            "source": {
                "type": "git",
                "url": "https://github.com/leblanc-simon/parsedown-checkbox.git",
                "reference": "6bf5917da0b943910f4c6a1c5fe3ecc6f32b47d6"
            },
            "dist": {
                "type": "zip",
                "url": "https://api.github.com/repos/leblanc-simon/parsedown-checkbox/zipball/6bf5917da0b943910f4c6a1c5fe3ecc6f32b47d6",
                "reference": "6bf5917da0b943910f4c6a1c5fe3ecc6f32b47d6",
                "shasum": ""
            },
            "require": {
                "erusev/parsedown-extra": "^0.7.1"
            },
            "type": "library",
            "autoload": {
                "files": [
                    "ParsedownCheckbox.php"
                ]
            },
            "notification-url": "https://packagist.org/downloads/",
            "license": [
                "MIT"
            ],
            "authors": [
                {
                    "name": "Simon Leblanc",
                    "email": "contact@leblanc-simon.eu",
                    "homepage": "https://www.leblanc-simon.fr"
                }
            ],
            "description": "An extension of Parsedown and ParsedownExtra that adds support for checkbox",
            "homepage": "https://github.com/leblanc-simon/parsedown-checkbox",
            "keywords": [
                "checkbox",
                "markdown",
                "markdown extra",
                "parsedown",
                "parser"
            ],
            "time": "2017-05-10 03:09:01"
        }
    ],
    "packages-dev": [],
    "aliases": [],
    "minimum-stability": "stable",
    "stability-flags": [],
    "prefer-stable": false,
    "prefer-lowest": false,
    "platform": [],
    "platform-dev": []
}
